github.com/BurntSushi/toml v0.3.1 h1:WXkYYl6Yr3qBf1K79EBnL4mak0OimBfB0XUf9Vl28OQ=
github.com/BurntSushi/toml v0.3.1/go.mod h1:xHWCNGjB5oqiDr8zfno3MHue2Ht5sIBksp03qcyfWMU=
github.com/buger/jsonparser v0.0.0-20170803100442-fda8192cc4f1 h1:hWFyQjmY5KFFVGo8e/lslH6E6xU0obTtZHWJE2RNmZI=
github.com/buger/jsonparser v0.0.0-20170803100442-fda8192cc4f1/go.mod h1:bbYlZJ7hK1yFx9hf58LP0zeX7UjIGs20ufpu3evjr+s=
github.com/cyverse-de/configurate v0.0.0-20170404195203-7cb335597f9b h1:5LsQTfioFKa3Y5XD5i0IllJ1YipDZH6ckA0Mv7kEVgE=
github.com/cyverse-de/configurate v0.0.0-20170404195203-7cb335597f9b/go.mod h1:QMZ4G8bX5f0vKiH9+/2JqV687mN1byJ18tjZwIJIagI=
github.com/cyverse-de/dbutil v0.0.0-20170404194641-04e85e2737c9 h1:RdWfP04KnGOpFrtviAc3aRBCVU7h4Ch9oqZC6MudYzY=
github.com/cyverse-de/dbutil v0.0.0-20170404194641-04e85e2737c9/go.mod h1:ExgEsAIPqEEtubF/XyUlj8+4ReFsbyT9QChN6EsorN8=
github.com/cyverse-de/dbutil v1.0.1 h1:aCfckMIIJcPGZw9kJ5a1sJSji03/swkCsC7iwD5cX9A=
github.com/cyverse-de/dbutil v1.0.1/go.mod h1:31IZYWBDxS/f4Gz3L/Nx17Q5HghARlB7VFdfjjv50M4=
github.com/cyverse-de/go-mod/otelutils v0.0.2 h1:7O3jWQgf+PIIACSwtQM5SNtn6xTxxaLIUW6kjEKUpHM=
github.com/cyverse-de/go-mod/otelutils v0.0.2/go.mod h1:8P2jRGnvUsH4qtyVP0W6KiV5iSr102pLkzKFgkYJ4og=
github.com/cyverse-de/queries v0.0.0-20170404194852-3e2e4691ef97 h1:os6ruEYEAAbj1wUuvK8V3S9tbd9eDIEriWsjOuEu82E=
github.com/cyverse-de/queries v0.0.0-20170404194852-3e2e4691ef97/go.mod h1:YVclxEOFHTv0ZnVuJGiWh286GrxesamshwikcifVehA=
github.com/davecgh/go-spew v1.1.0/go.mod h1:J7Y8YcW2NihsgmVo/mv3lAwl/skON4iLHjSsI+c5H38=
github.com/davecgh/go-spew v1.1.1 h1:vj9j/u1bqnvCEfJOwUhtlOARqs3+rkHYY13jYWTU97c=
github.com/davecgh/go-spew v1.1.1/go.mod h1:J7Y8YcW2NihsgmVo/mv3lAwl/skON4iLHjSsI+c5H38=
github.com/fsnotify/fsnotify v1.4.3-0.20170329110642-4da3e2cfbabc h1:omfZI1v/Bu4YEatmRAYKISWA95u6XiN4Zorz/JPKCZA=
github.com/fsnotify/fsnotify v1.4.3-0.20170329110642-4da3e2cfbabc/go.mod h1:jwhsz4b93w/PPRr/qN1Yymfu8t87LnFCMoQvtojpjFo=
github.com/go-logr/logr v1.2.2/go.mod h1:jdQByPbusPIv2/zmleS9BjJVeZ6kBagPoEUsqbVz/1A=
github.com/go-logr/logr v1.2.3 h1:2DntVwHkVopvECVRSlL5PSo9eG+cAkDCuckLubN+rq0=
github.com/go-logr/logr v1.2.3/go.mod h1:jdQByPbusPIv2/zmleS9BjJVeZ6kBagPoEUsqbVz/1A=
github.com/go-logr/stdr v1.2.2 h1:hSWxHoqTgW2S2qGc0LTAI563KZ5YKYRhT3MFKZMbjag=
github.com/go-logr/stdr v1.2.2/go.mod h1:mMo/vtBO5dYbehREoey6XUKy/eSumjCCveDpRre4VKE=
github.com/google/go-cmp v0.5.7 h1:81/ik6ipDQS2aGcBfIN5dHDB36BwrStyeAQquSYCV4o=
github.com/google/go-cmp v0.5.7/go.mod h1:n+brtR0CgQNWTVd5ZUFpTBC8YFBDLK/h/bpaJ8/DtOE=
github.com/google/uuid v1.3.0 h1:t6JiXgmwXMjEs8VusXIJk2BXHsn+wx8BZdTaoZ5fu7I=
github.com/google/uuid v1.3.0/go.mod h1:TIyPZe4MgqvfeYDBFedMoGGpEw/LqOeaOT+nhxU+yHo=
github.com/hashicorp/hcl v0.0.0-20171017181929-23c074d0eceb h1:1OvvPvZkn/yCQ3xBcM8y4020wdkMXPHLB4+NfoGWh4U=
github.com/hashicorp/hcl v0.0.0-20171017181929-23c074d0eceb/go.mod h1:oZtUIOe8dh44I2q6ScRibXws4Ajl+d+nod3AaR9vL5w=
github.com/kr/pretty v0.2.1 h1:Fmg33tUaq4/8ym9TJN1x7sLJnHVwhP33CNkpYV/7rwI=
github.com/kr/pretty v0.2.1/go.mod h1:ipq/a2n7PKx3OHsz4KJII5eveXtPO4qwEXGdVfWzfnI=
github.com/kr/pty v1.1.1/go.mod h1:pFQYn66WHrOpPYNljwOMqo10TkYh1fy3cYio2l3bCsQ=
github.com/kr/text v0.1.0 h1:45sCR5RtlFHMR4UwH9sdQ5TC8v0qDQCHnXt+kaKSTVE=
github.com/kr/text v0.1.0/go.mod h1:4Jbv+DJW3UT/LiOwJeYQe1efqtUx/iVham/4vfdArNI=
github.com/lib/pq v0.0.0-20170810061220-e42267488fe3 h1:2Fs7SMFLrtkGta5HodD3MRV3nIzv+6I90eSfqwPklbo=
github.com/lib/pq v0.0.0-20170810061220-e42267488fe3/go.mod h1:5WUZQaWbwv1U+lTReE5YruASi9Al49XbQIvNi/34Woo=
github.com/lib/pq v1.10.4 h1:SO9z7FRPzA03QhHKJrH5BXA6HU1rS4V2nIVrrNC1iYk=
github.com/lib/pq v1.10.4/go.mod h1:AlVN5x4E4T544tWzH6hKfbfQvm3HdbOxrmggDNAPY9o=
github.com/magiconair/properties v1.7.4-0.20170902060319-8d7837e64d3c h1:SesWF0c8l/IKQX0NlsED38qoBhUpneg5HIHNdy5LyEE=
github.com/magiconair/properties v1.7.4-0.20170902060319-8d7837e64d3c/go.mod h1:PppfXfuXeibc/6YijjN8zIbojt8czPbwD3XqdrwzmxQ=
github.com/mitchellh/mapstructure v0.0.0-20170523030023-d0303fe80992 h1:W7VHAEVflA5/eTyRvQ53Lz5j8bhRd1myHZlI/IZFvbU=
github.com/mitchellh/mapstructure v0.0.0-20170523030023-d0303fe80992/go.mod h1:FVVH3fgwuzCH5S8UJGiWEs2h04kUh9fWfEaFds41c1Y=
github.com/pelletier/go-toml v1.0.1-0.20170904195809-1d6b12b7cb29 h1:6P7XZEBu/ZWizC/liUX4UYm4nEAACofmSkOzY39RBxM=
github.com/pelletier/go-toml v1.0.1-0.20170904195809-1d6b12b7cb29/go.mod h1:5z9KED0ma1S8pY6P1sdut58dfprrGBbd/94hg7ilaic=
github.com/pkg/errors v0.9.1 h1:FEBLx1zS214owpjy7qsBeixbURkuhQAwrK5UwLGTwt4=
github.com/pkg/errors v0.9.1/go.mod h1:bwawxfHBFNV+L2hUp1rHADufV3IMtnDRdf1r5NINEl0=
github.com/pmezard/go-difflib v1.0.0 h1:4DBwDE0NGyQoBHbLQYPwSUPoCMWR5BEzIk/f1lZbAQM=
github.com/pmezard/go-difflib v1.0.0/go.mod h1:iKH77koFhYxTK1pcRnkKkqfTogsbg7gZNVY4sRDYZ/4=
github.com/sirupsen/logrus v1.0.4-0.20170822132746-89742aefa4b2 h1:a07zp0wovcAE2jH+wlD22JLqUH6Rdl8Aon+NiyPxE+0=
github.com/sirupsen/logrus v1.0.4-0.20170822132746-89742aefa4b2/go.mod h1:pMByvHTf9Beacp5x1UXfOR9xyW/9antXMhjMPG0dEzc=
github.com/spf13/afero v0.0.0-20171008182726-e67d870304c4 h1:XgjKyjezK+nARDnkl5zcWJOeDE9YAnMwdZ5fKYbxN/s=
github.com/spf13/afero v0.0.0-20171008182726-e67d870304c4/go.mod h1:j4pytiNVoe2o6bmDsKpLACNPDBIoEAkihy7loJ1B0CQ=
github.com/spf13/cast v1.1.0 h1:0Rhw4d6C8J9VPu6cjZLIhZ8+aAOHcDvGeKn+cq5Aq3k=
github.com/spf13/cast v1.1.0/go.mod h1:r2rcYCSwa1IExKTDiTfzaxqT2FNHs8hODu4LnUfgKEg=
github.com/spf13/jwalterweatherman v0.0.0-20170901151539-12bd96e66386 h1:zBoLErXXAvWnNsu+pWkRYl6Cx1KXmIfAVsIuYkPN6aY=
github.com/spf13/jwalterweatherman v0.0.0-20170901151539-12bd96e66386/go.mod h1:cQK4TGJAtQXfYWX+Ddv3mKDzgVb68N+wFjFa4jdeBTo=
github.com/spf13/pflag v1.0.1-0.20170901120850-7aff26db30c1 h1:eOB1Xq3T1JrZBdEhs4D+MhPROyvo149AJawmtL0SOA4=
github.com/spf13/pflag v1.0.1-0.20170901120850-7aff26db30c1/go.mod h1:DYY7MBk1bdzusC3SYhjObp+wFpr4gzcvqqNjLnInEg4=
github.com/spf13/viper v1.0.0 h1:RUA/ghS2i64rlnn4ydTfblY8Og8QzcPtCcHvgMn+w/I=
github.com/spf13/viper v1.0.0/go.mod h1:A8kyI5cUJhb8N+3pkfONlcEcZbueH6nhAm0Fq7SrnBM=
github.com/streadway/amqp v0.0.0-20170707203015-2cbfe40c9341 h1:Pt0+LCXmuNNCiVJu1fDjydxdqSicM9nv3E+6aq/0eQU=
github.com/streadway/amqp v0.0.0-20170707203015-2cbfe40c9341/go.mod h1:1WNBiOZtZQLpVAyu0iTduoJL9hEsMloAK5XWrtW0xdY=
github.com/stretchr/objx v0.1.0 h1:4G4v2dO3VZwixGIRoQ5Lfboy6nUhCyYzaqnIAPPhYs4=
github.com/stretchr/objx v0.1.0/go.mod h1:HFkY916IF+rwdDfMAkV7OtwuqBVzrE8GR6GFx+wExME=
github.com/stretchr/testify v1.7.0/go.mod h1:6Fq8oRcR53rry900zMqJjRRixrwX3KX962/h/Wwjteg=
github.com/stretchr/testify v1.7.1 h1:5TQK59W5E3v0r2duFAb7P95B6hEeOyEnHRa8MjYSMTY=
github.com/stretchr/testify v1.7.1/go.mod h1:6Fq8oRcR53rry900zMqJjRRixrwX3KX962/h/Wwjteg=
github.com/uptrace/opentelemetry-go-extra/otelsql v0.1.10/go.mod h1:SVTZcEiaaEsE84gE7dYuteSc4oklkYHIFE4EBu+DiNQ=
github.com/uptrace/opentelemetry-go-extra/otelsql v0.1.12 h1:uRAKt7s1rB8cabFTcBpfrtlvagCo/9c2bnYC8ckTdLA=
github.com/uptrace/opentelemetry-go-extra/otelsql v0.1.12/go.mod h1:aTozMqfRG7Jj9uXdh3WG1Wnoc83dZqvleg6oRmBHCa0=
go.opentelemetry.io/otel v1.4.0/go.mod h1:jeAqMFKy2uLIxCtKxoFj0FAL5zAPKQagc3+GtBWakzk=
go.opentelemetry.io/otel v1.4.1/go.mod h1:StM6F/0fSwpd8dKWDCdRr7uRvEPYdW0hBSlbdTiUde4=
go.opentelemetry.io/otel v1.6.0/go.mod h1:bfJD2DZVw0LBxghOTlgnlI0CV3hLDu9XF/QKOUXMTQQ=
go.opentelemetry.io/otel v1.6.1 h1:6r1YrcTenBvYa1x491d0GGpTVBsNECmrc/K6b+zDeis=
go.opentelemetry.io/otel v1.6.1/go.mod h1:blzUabWHkX6LJewxvadmzafgh/wnvBSDBdOuwkAtrWQ=
go.opentelemetry.io/otel v1.6.3 h1:FLOfo8f9JzFVFVyU+MSRJc2HdEAXQgm7pIv2uFKRSZE=
go.opentelemetry.io/otel v1.6.3/go.mod h1:7BgNga5fNlF/iZjG06hM3yofffp0ofKCDwSXx1GC4dI=
go.opentelemetry.io/otel/exporters/jaeger v1.6.1 h1:7xuwXr3qUWq48Chyuq+VvomV3KjXZLd5seQwg83s/sU=
go.opentelemetry.io/otel/exporters/jaeger v1.6.1/go.mod h1:Cu6mKJ+LLTPuOBX830xM4wVKIsVpHSXa50uN7aAxraQ=
go.opentelemetry.io/otel/internal/metric v0.27.0 h1:9dAVGAfFiiEq5NVB9FUJ5et+btbDQAUIJehJ+ikyryk=
go.opentelemetry.io/otel/internal/metric v0.27.0/go.mod h1:n1CVxRqKqYZtqyTh9U/onvKapPGv7y/rpyOTI+LFNzw=
go.opentelemetry.io/otel/metric v0.27.0/go.mod h1:raXDJ7uP2/Jc0nVZWQjJtzoyssOYWu/+pjZqRzfvZ7g=
go.opentelemetry.io/otel/metric v0.29.0 h1:7unM/I13Dbc1VHw8lTPQ7zfNIgkhcb8BZhujXOS4jKc=
go.opentelemetry.io/otel/metric v0.29.0/go.mod h1:HahKFp1OC1RNTsuO/HNMBHHJR+dmHZ7wLARRgGDwjLQ=
go.opentelemetry.io/otel/sdk v1.6.1 h1:ZmcNyMhcuAYIb/Nr6QhBPTMopMTbov/47wHt1gibkoY=
go.opentelemetry.io/otel/sdk v1.6.1/go.mod h1:IVYrddmFZ+eJqu2k38qD3WezFR2pymCzm8tdxyh3R4E=
go.opentelemetry.io/otel/trace v1.4.0/go.mod h1:uc3eRsqDfWs9R7b92xbQbU42/eTNz4N+gLP8qJCi4aE=
go.opentelemetry.io/otel/trace v1.4.1/go.mod h1:iYEVbroFCNut9QkwEczV9vMRPHNKSSwYZjulEtsmhFc=
go.opentelemetry.io/otel/trace v1.6.0/go.mod h1:qs7BrU5cZ8dXQHBGxHMOxwME/27YH2qEp4/+tZLLwJE=
go.opentelemetry.io/otel/trace v1.6.1 h1:f8c93l5tboBYZna1nWk0W9DYyMzJXDWdZcJZ0Kb400U=
go.opentelemetry.io/otel/trace v1.6.1/go.mod h1:RkFRM1m0puWIq10oxImnGEduNBzxiN7TXluRBtE+5j0=
go.opentelemetry.io/otel/trace v1.6.3 h1:IqN4L+5b0mPNjdXIiZ90Ni4Bl5BRkDQywePLWemd9bc=
go.opentelemetry.io/otel/trace v1.6.3/go.mod h1:GNJQusJlUgZl9/TQBPKU/Y/ty+0iVB5fjhKeJGZPGFs=
golang.org/x/crypto v0.0.0-20170825220121-81e90905daef h1:R8ubLIilYRXIXpgjOg2l/ECVs3HzVKIjJEhxSsQ91u4=
golang.org/x/crypto v0.0.0-20170825220121-81e90905daef/go.mod h1:6SG95UA2DQfeDnfUPMdvaQW0Q7yPrPDi9nlGo2tz2b4=
golang.org/x/sys v0.0.0-20210423185535-09eb48e85fd7 h1:iGu644GcxtEcrInvDsQRCwJjtCIOlT2V7IRt6ah2Whw=
golang.org/x/sys v0.0.0-20210423185535-09eb48e85fd7/go.mod h1:h1NjWce9XRLGQEsW7wpKNCjG9DtNlClVuFLEZdDNbEs=
golang.org/x/text v0.0.0-20170901153044-bd91bbf73e9a h1:qqS2PhMSi15DfqqjsRlTwZNaLRKPupyg3p8hlHBT33M=
golang.org/x/text v0.0.0-20170901153044-bd91bbf73e9a/go.mod h1:NqM8EUOU14njkJ3fqMW+pc6Ldnwhi/IjpwHt7yyuwOQ=
golang.org/x/xerrors v0.0.0-20191204190536-9bdfabe68543/go.mod h1:I/5z698sn9Ka8TeJc9MKroUUfqBBauWjQqLJ2OPfmY0=
gopkg.in/airbrake/gobrake.v2 v2.0.9 h1:7z2uVWwn7oVeeugY1DtlPAy5H+KYgB1KeKTnqjNatLo=
gopkg.in/airbrake/gobrake.v2 v2.0.9/go.mod h1:/h5ZAUhDkGaJfjzjKLSjv6zCL6O0LLBxU4K+aSYdM/U=
gopkg.in/check.v1 v0.0.0-20161208181325-20d25e280405/go.mod h1:Co6ibVJAznAaIkqp8huTwlJQCZ016jof/cbN4VW5Yz0=
gopkg.in/check.v1 v1.0.0-20201130134442-10cb98267c6c h1:Hei/4ADfdWqJk1ZMxUNpqntNwaWcugrBjAiHlqqRiVk=
gopkg.in/check.v1 v1.0.0-20201130134442-10cb98267c6c/go.mod h1:JHkPIbrfpd72SG/EVd6muEfDQjcINNoR0C8j2r3qZ4Q=
gopkg.in/gemnasium/logrus-airbrake-hook.v2 v2.1.2 h1:OAj3g0cR6Dx/R07QgQe8wkA9RNjB2u4i700xBkIT4e0=
gopkg.in/gemnasium/logrus-airbrake-hook.v2 v2.1.2/go.mod h1:Xk6kEKp8OKb+X14hQBKWaSkCsqBpgog8nAV2xsGOxlo=
gopkg.in/yaml.v2 v2.0.0-20170812160011-eb3733d160e7 h1:+t9dhfO+GNOIGJof6kPOAenx7YgrZMTdRPV+EsnPabk=
gopkg.in/yaml.v2 v2.0.0-20170812160011-eb3733d160e7/go.mod h1:JAlM8MvJe8wmxCU4Bli9HhUf9+ttbYbLASfIpnQbh74=
gopkg.in/yaml.v3 v3.0.0-20200313102051-9f266ea9e77c h1:dUUwHk2QECo/6vqA44rthZ8ie2QXMNeKRTHCNY2nXvo=
gopkg.in/yaml.v3 v3.0.0-20200313102051-9f266ea9e77c/go.mod h1:K4uyk7z7BCEPqu6E+C64Yfv1cQ7kz7rIZviUmN+EgEM=
